<?xml version="1.0" encoding="utf-8"?>
<Project ToolsVersion="4.0" xmlns="http://schemas.microsoft.com/developer/msbuild/2003">
  <ItemGroup>
    <Filter Include="Source Files">
      <UniqueIdentifier>{4FC737F1-C7A5-4376-A066-2A32D752A2FF}</UniqueIdentifier>
      <Extensions>cpp;c;cc;cxx;def;odl;idl;hpj;bat;asm;asmx</Extensions>
    </Filter>
    <Filter Include="Header Files">
      <UniqueIdentifier>{93995380-89BD-4b04-88EB-625FBE52EBFB}</UniqueIdentifier>
      <Extensions>h;hh;hpp;hxx;hm;inl;inc;xsd</Extensions>
    </Filter>
    <Filter Include="Resource Files">
      <UniqueIdentifier>{67DA6AB6-F800-4c08-8B7A-83BB121AAD01}</UniqueIdentifier>
      <Extensions>rc;ico;cur;bmp;dlg;rc2;rct;bin;rgs;gif;jpg;jpeg;jpe;resx;tiff;tif;png;wav;mfcribbon-ms</Extensions>
    </Filter>
    <Filter Include="Header Files\Component">
      <UniqueIdentifier>{5d9f105a-58d8-4c96-870d-07475eb55a6f}</UniqueIdentifier>
    </Filter>
    <Filter Include="Header Files\Core">
      <UniqueIdentifier>{6dd75114-0108-4135-9fb9-bb989b9adbf7}</UniqueIdentifier>
    </Filter>
    <Filter Include="Header Files\Resource">
      <UniqueIdentifier>{c22b3e6a-511e-4549-9ae0-ad24d580604f}</UniqueIdentifier>
    </Filter>
    <Filter Include="Header Files\Math">
      <UniqueIdentifier>{6218eb05-155c-4c8b-932e-789eb0321c94}</UniqueIdentifier>
    </Filter>
    <Filter Include="Header Files\Core\Systems">
      <UniqueIdentifier>{8b2fc107-2ddc-4279-b37e-974a83b88b7f}</UniqueIdentifier>
    </Filter>
  </ItemGroup>
  <ItemGroup>
    <ClInclude Include="src\header\Camera.h">
      <Filter>Header Files\Component</Filter>
    </ClInclude>
    <ClInclude Include="src\header\Behaviour.h">
      <Filter>Header Files\Component</Filter>
    </ClInclude>
    <ClInclude Include="src\header\Collider.h">
      <Filter>Header Files\Component</Filter>
    </ClInclude>
    <ClInclude Include="src\header\Component.h">
      <Filter>Header Files\Core</Filter>
    </ClInclude>
    <ClInclude Include="src\header\Core.h">
      <Filter>Header Files\Core</Filter>
    </ClInclude>
    <ClInclude Include="src\header\Display.h">
      <Filter>Header Files\Core</Filter>
    </ClInclude>
    <ClInclude Include="src\header\ForwardAmbientLightShader.h">
      <Filter>Header Files\Resource</Filter>
    </ClInclude>
    <ClInclude Include="src\header\ForwardShader.h">
      <Filter>Header Files\Resource</Filter>
    </ClInclude>
    <ClInclude Include="src\header\GameObject.h">
      <Filter>Header Files\Core</Filter>
    </ClInclude>
    <ClInclude Include="src\header\LightEmitter.h">
      <Filter>Header Files\Component</Filter>
    </ClInclude>
    <ClInclude Include="src\header\Material.h">
      <Filter>Header Files\Resource</Filter>
    </ClInclude>
    <ClInclude Include="src\header\Matrix4f.h">
      <Filter>Header Files\Math</Filter>
    </ClInclude>
    <ClInclude Include="src\header\Mesh.h">
      <Filter>Header Files\Resource</Filter>
    </ClInclude>
    <ClInclude Include="src\header\MeshRenderer.h">
      <Filter>Header Files\Component</Filter>
    </ClInclude>
    <ClInclude Include="src\header\ObjectRenderer.h">
      <Filter>Header Files\Component</Filter>
    </ClInclude>
    <ClInclude Include="src\header\OBJLoader.h">
      <Filter>Header Files\Core</Filter>
    </ClInclude>
    <ClInclude Include="src\header\PointLight.h">
      <Filter>Header Files\Component</Filter>
    </ClInclude>
    <ClInclude Include="src\header\PostProcessing.h">
      <Filter>Header Files\Core</Filter>
    </ClInclude>
    <ClInclude Include="src\header\Scene.h">
      <Filter>Header Files\Core</Filter>
    </ClInclude>
    <ClInclude Include="src\header\Lighting.h">
      <Filter>Header Files\Core\Systems</Filter>
    </ClInclude>
    <ClInclude Include="src\header\Logic.h">
      <Filter>Header Files\Core\Systems</Filter>
    </ClInclude>
    <ClInclude Include="src\header\Physics.h">
      <Filter>Header Files\Core\Systems</Filter>
    </ClInclude>
    <ClInclude Include="src\header\SceneManager.h">
      <Filter>Header Files\Core\Systems</Filter>
    </ClInclude>
    <ClInclude Include="src\header\Renderer.h">
      <Filter>Header Files\Core\Systems</Filter>
    </ClInclude>
    <ClInclude Include="src\header\Shader.h">
      <Filter>Header Files\Resource</Filter>
    </ClInclude>
    <ClInclude Include="src\header\Texture.h">
      <Filter>Header Files\Resource</Filter>
    </ClInclude>
    <ClInclude Include="src\header\Time.h">
      <Filter>Header Files\Core</Filter>
    </ClInclude>
    <ClInclude Include="src\header\Transform.h">
      <Filter>Header Files\Component</Filter>
    </ClInclude>
    <ClInclude Include="src\header\Vector2f.h">
      <Filter>Header Files\Math</Filter>
    </ClInclude>
    <ClInclude Include="src\header\Vector3f.h">
      <Filter>Header Files\Math</Filter>
    </ClInclude>
    <ClInclude Include="src\header\Vertex.h">
      <Filter>Header Files\Resource</Filter>
    </ClInclude>
  </ItemGroup>
  <ItemGroup>
    <ClCompile Include="src\source\Behaviour.cpp">
      <Filter>Source Files</Filter>
    </ClCompile>
    <ClCompile Include="src\source\Collider.cpp">
      <Filter>Source Files</Filter>
    </ClCompile>
    <ClCompile Include="src\source\Component.cpp">
      <Filter>Source Files</Filter>
    </ClCompile>
    <ClCompile Include="src\source\Core.cpp">
      <Filter>Source Files</Filter>
    </ClCompile>
    <ClCompile Include="src\source\GameObject.cpp">
      <Filter>Source Files</Filter>
    </ClCompile>
    <ClCompile Include="src\source\Logic.cpp">
      <Filter>Source Files</Filter>
    </ClCompile>
    <ClCompile Include="src\source\Main.cpp">
      <Filter>Source Files</Filter>
    </ClCompile>
    <ClCompile Include="src\source\Matrix4f.cpp">
      <Filter>Source Files</Filter>
    </ClCompile>
    <ClCompile Include="src\source\ObjectRenderer.cpp">
      <Filter>Source Files</Filter>
    </ClCompile>
    <ClCompile Include="src\source\Physics.cpp">
      <Filter>Source Files</Filter>
    </ClCompile>
    <ClCompile Include="src\source\PostProcessing.cpp">
      <Filter>Source Files</Filter>
    </ClCompile>
    <ClCompile Include="src\source\Renderer.cpp">
      <Filter>Source Files</Filter>
    </ClCompile>
    <ClCompile Include="src\source\Scene.cpp">
      <Filter>Source Files</Filter>
    </ClCompile>
    <ClCompile Include="src\source\SceneManager.cpp">
      <Filter>Source Files</Filter>
    </ClCompile>
    <ClCompile Include="src\source\SphereCollider.cpp">
      <Filter>Source Files</Filter>
    </ClCompile>
    <ClCompile Include="src\source\Time.cpp">
      <Filter>Source Files</Filter>
    </ClCompile>
    <ClCompile Include="src\source\Transform.cpp">
      <Filter>Source Files</Filter>
    </ClCompile>
    <ClCompile Include="src\source\Vector3f.cpp">
      <Filter>Source Files</Filter>
    </ClCompile>
    <ClCompile Include="src\source\Shader.cpp">
      <Filter>Source Files</Filter>
    </ClCompile>
    <ClCompile Include="src\source\Display.cpp">
      <Filter>Source Files</Filter>
    </ClCompile>
    <ClCompile Include="src\source\glad.c">
      <Filter>Source Files</Filter>
    </ClCompile>
    <ClCompile Include="src\source\Vector2f.cpp">
      <Filter>Source Files</Filter>
    </ClCompile>
    <ClCompile Include="src\source\MeshRenderer.cpp">
      <Filter>Source Files</Filter>
    </ClCompile>
    <ClCompile Include="src\source\TestScene.cpp">
      <Filter>Source Files</Filter>
    </ClCompile>
    <ClCompile Include="src\source\Texture.cpp">
      <Filter>Source Files</Filter>
    </ClCompile>
    <ClCompile Include="src\source\TransformerScript.cpp">
      <Filter>Source Files</Filter>
    </ClCompile>
    <ClCompile Include="src\source\Camera.cpp">
      <Filter>Source Files</Filter>
    </ClCompile>
    <ClCompile Include="src\source\OBJLoader.cpp">
      <Filter>Source Files</Filter>
    </ClCompile>
    <ClCompile Include="src\source\Lighting.cpp">
      <Filter>Source Files</Filter>
    </ClCompile>
    <ClCompile Include="src\header\ForwardPointLightShader.h">
      <Filter>Header Files\Resource</Filter>
    </ClCompile>
    <ClCompile Include="src\source\LightEmitter.cpp">
      <Filter>Source Files</Filter>
    </ClCompile>
  </ItemGroup>
</Project>