<?xml version="1.0" encoding="utf-8"?>
<Project ToolsVersion="4.0" xmlns="http://schemas.microsoft.com/developer/msbuild/2003">
  <ItemGroup>
    <Filter Include="src">
      <UniqueIdentifier>{73a65e30-be51-4713-9fa9-268bad3b0a47}</UniqueIdentifier>
    </Filter>
    <Filter Include="src\Components">
      <UniqueIdentifier>{54c5dd96-938b-41b3-af06-7a3b13022aa0}</UniqueIdentifier>
    </Filter>
    <Filter Include="src\Core">
      <UniqueIdentifier>{2ce6d3c0-33fa-4df0-8a24-529cfd86e6f6}</UniqueIdentifier>
    </Filter>
    <Filter Include="src\Game">
      <UniqueIdentifier>{9d64266d-2477-413a-a4b5-07c35c1f90c0}</UniqueIdentifier>
    </Filter>
    <Filter Include="src\Math">
      <UniqueIdentifier>{937c9ea9-7ce7-464f-a238-ceb22a21c8d6}</UniqueIdentifier>
    </Filter>
    <Filter Include="src\Resources">
      <UniqueIdentifier>{32624054-839e-4f39-81d3-46cc1f000556}</UniqueIdentifier>
    </Filter>
    <Filter Include="src\Test">
      <UniqueIdentifier>{071ed020-e3d2-4f47-a072-4d689f1f4192}</UniqueIdentifier>
    </Filter>
    <Filter Include="src\Core\Systems">
      <UniqueIdentifier>{334c0867-0290-4b4d-bbf3-06a872f4cbdb}</UniqueIdentifier>
    </Filter>
  </ItemGroup>
  <ItemGroup>
    <ClCompile Include="src\glad.c">
      <Filter>src</Filter>
    </ClCompile>
    <ClCompile Include="src\Main.cpp">
      <Filter>src</Filter>
    </ClCompile>
    <ClCompile Include="src\Components\Behaviour.cpp">
      <Filter>src\Components</Filter>
    </ClCompile>
    <ClCompile Include="src\Components\Camera.cpp">
      <Filter>src\Components</Filter>
    </ClCompile>
    <ClCompile Include="src\Components\Collider.cpp">
      <Filter>src\Components</Filter>
    </ClCompile>
    <ClCompile Include="src\Components\LightEmitter.cpp">
      <Filter>src\Components</Filter>
    </ClCompile>
    <ClCompile Include="src\Components\MeshRenderer.cpp">
      <Filter>src\Components</Filter>
    </ClCompile>
    <ClCompile Include="src\Components\ObjectRenderer.cpp">
      <Filter>src\Components</Filter>
    </ClCompile>
    <ClCompile Include="src\Components\SphereCollider.cpp">
      <Filter>src\Components</Filter>
    </ClCompile>
    <ClCompile Include="src\Components\Transform.cpp">
      <Filter>src\Components</Filter>
    </ClCompile>
    <ClCompile Include="src\Core\Component.cpp">
      <Filter>src\Core</Filter>
    </ClCompile>
    <ClCompile Include="src\Core\Display.cpp">
      <Filter>src\Core</Filter>
    </ClCompile>
    <ClCompile Include="src\Core\GameObject.cpp">
      <Filter>src\Core</Filter>
    </ClCompile>
    <ClCompile Include="src\Core\InputManager.cpp">
      <Filter>src\Core</Filter>
    </ClCompile>
    <ClCompile Include="src\Core\PostProcessing.cpp">
      <Filter>src\Core</Filter>
    </ClCompile>
    <ClCompile Include="src\Core\Time.cpp">
      <Filter>src\Core</Filter>
    </ClCompile>
    <ClCompile Include="src\Core\Util.cpp">
      <Filter>src\Core</Filter>
    </ClCompile>
    <ClCompile Include="src\Core\Systems\Core.cpp">
      <Filter>src\Core\Systems</Filter>
    </ClCompile>
    <ClCompile Include="src\Core\Systems\Lighting.cpp">
      <Filter>src\Core\Systems</Filter>
    </ClCompile>
    <ClCompile Include="src\Core\Systems\Logic.cpp">
      <Filter>src\Core\Systems</Filter>
    </ClCompile>
    <ClCompile Include="src\Core\Systems\Physics.cpp">
      <Filter>src\Core\Systems</Filter>
    </ClCompile>
    <ClCompile Include="src\Core\Systems\Renderer.cpp">
      <Filter>src\Core\Systems</Filter>
    </ClCompile>
    <ClCompile Include="src\Core\Systems\SceneManager.cpp">
      <Filter>src\Core\Systems</Filter>
    </ClCompile>
    <ClCompile Include="src\Game\PrinterScript.cpp">
      <Filter>src\Game</Filter>
    </ClCompile>
    <ClCompile Include="src\Game\TransformerScript.cpp">
      <Filter>src\Game</Filter>
    </ClCompile>
    <ClCompile Include="src\Math\Vector2f.cpp">
      <Filter>src\Math</Filter>
    </ClCompile>
    <ClCompile Include="src\Math\Vector3f.cpp">
      <Filter>src\Math</Filter>
    </ClCompile>
    <ClCompile Include="src\Math\Vector4f.cpp">
      <Filter>src\Math</Filter>
    </ClCompile>
    <ClCompile Include="src\Resources\Matrix4f.cpp">
      <Filter>src\Resources</Filter>
    </ClCompile>
    <ClCompile Include="src\Resources\OBJLoader.cpp">
      <Filter>src\Resources</Filter>
    </ClCompile>
    <ClCompile Include="src\Resources\Scene.cpp">
      <Filter>src\Resources</Filter>
    </ClCompile>
    <ClCompile Include="src\Resources\Shader.cpp">
      <Filter>src\Resources</Filter>
    </ClCompile>
    <ClCompile Include="src\Resources\Texture.cpp">
      <Filter>src\Resources</Filter>
    </ClCompile>
    <ClCompile Include="src\Resources\CubeMap.cpp">
      <Filter>src\Resources</Filter>
    </ClCompile>
    <ClCompile Include="src\Resources\SkyBox.cpp">
      <Filter>src\Resources</Filter>
    </ClCompile>
    <ClCompile Include="src\Resources\Material.cpp">
      <Filter>src\Resources</Filter>
    </ClCompile>
  </ItemGroup>
  <ItemGroup>
    <ClInclude Include="src\Components\AmbientLight.h">
      <Filter>src\Components</Filter>
    </ClInclude>
    <ClInclude Include="src\Components\Behaviour.h">
      <Filter>src\Components</Filter>
    </ClInclude>
    <ClInclude Include="src\Components\Camera.h">
      <Filter>src\Components</Filter>
    </ClInclude>
    <ClInclude Include="src\Components\Collider.h">
      <Filter>src\Components</Filter>
    </ClInclude>
    <ClInclude Include="src\Components\DirectionalLight.h">
      <Filter>src\Components</Filter>
    </ClInclude>
    <ClInclude Include="src\Components\LightEmitter.h">
      <Filter>src\Components</Filter>
    </ClInclude>
    <ClInclude Include="src\Components\MeshRenderer.h">
      <Filter>src\Components</Filter>
    </ClInclude>
    <ClInclude Include="src\Components\ObjectRenderer.h">
      <Filter>src\Components</Filter>
    </ClInclude>
    <ClInclude Include="src\Components\PointLight.h">
      <Filter>src\Components</Filter>
    </ClInclude>
    <ClInclude Include="src\Components\PointRenderer.h">
      <Filter>src\Components</Filter>
    </ClInclude>
    <ClInclude Include="src\Components\Transform.h">
      <Filter>src\Components</Filter>
    </ClInclude>
    <ClInclude Include="src\Core\Component.h">
      <Filter>src\Core</Filter>
    </ClInclude>
    <ClInclude Include="src\Core\Display.h">
      <Filter>src\Core</Filter>
    </ClInclude>
    <ClInclude Include="src\Core\GameObject.h">
      <Filter>src\Core</Filter>
    </ClInclude>
    <ClInclude Include="src\Core\InputManager.h">
      <Filter>src\Core</Filter>
    </ClInclude>
    <ClInclude Include="src\Core\PostProcessing.h">
      <Filter>src\Core</Filter>
    </ClInclude>
    <ClInclude Include="src\Core\Time.h">
      <Filter>src\Core</Filter>
    </ClInclude>
    <ClInclude Include="src\Core\Util.h">
      <Filter>src\Core</Filter>
    </ClInclude>
    <ClInclude Include="src\Core\Systems\Core.h">
      <Filter>src\Core\Systems</Filter>
    </ClInclude>
    <ClInclude Include="src\Core\Systems\Lighting.h">
      <Filter>src\Core\Systems</Filter>
    </ClInclude>
    <ClInclude Include="src\Core\Systems\Logic.h">
      <Filter>src\Core\Systems</Filter>
    </ClInclude>
    <ClInclude Include="src\Core\Systems\Physics.h">
      <Filter>src\Core\Systems</Filter>
    </ClInclude>
    <ClInclude Include="src\Core\Systems\Renderer.h">
      <Filter>src\Core\Systems</Filter>
    </ClInclude>
    <ClInclude Include="src\Core\Systems\SceneManager.h">
      <Filter>src\Core\Systems</Filter>
    </ClInclude>
    <ClInclude Include="src\Game\CameraController.h">
      <Filter>src\Game</Filter>
    </ClInclude>
    <ClInclude Include="src\Game\TestScene.h">
      <Filter>src\Game</Filter>
    </ClInclude>
    <ClInclude Include="src\Math\Matrix4f.h">
      <Filter>src\Math</Filter>
    </ClInclude>
    <ClInclude Include="src\Math\Vector2f.h">
      <Filter>src\Math</Filter>
    </ClInclude>
    <ClInclude Include="src\Math\Vector3f.h">
      <Filter>src\Math</Filter>
    </ClInclude>
    <ClInclude Include="src\Math\Vector4f.h">
      <Filter>src\Math</Filter>
    </ClInclude>
    <ClInclude Include="src\Resources\BasicShader.h">
      <Filter>src\Resources</Filter>
    </ClInclude>
    <ClInclude Include="src\Resources\CubeMap.h">
      <Filter>src\Resources</Filter>
    </ClInclude>
    <ClInclude Include="src\Resources\ForwardAmbientLightShader.h">
      <Filter>src\Resources</Filter>
    </ClInclude>
    <ClInclude Include="src\Resources\ForwardDirectionalLightShader.h">
      <Filter>src\Resources</Filter>
    </ClInclude>
    <ClInclude Include="src\Resources\ForwardPointLightShader.h">
      <Filter>src\Resources</Filter>
    </ClInclude>
    <ClInclude Include="src\Resources\LitShader.h">
      <Filter>src\Resources</Filter>
    </ClInclude>
    <ClInclude Include="src\Resources\Material.h">
      <Filter>src\Resources</Filter>
    </ClInclude>
    <ClInclude Include="src\Resources\Mesh.h">
      <Filter>src\Resources</Filter>
    </ClInclude>
    <ClInclude Include="src\Resources\OBJLoader.h">
      <Filter>src\Resources</Filter>
    </ClInclude>
    <ClInclude Include="src\Resources\Scene.h">
      <Filter>src\Resources</Filter>
    </ClInclude>
    <ClInclude Include="src\Resources\Shader.h">
      <Filter>src\Resources</Filter>
    </ClInclude>
    <ClInclude Include="src\Resources\Texture.h">
      <Filter>src\Resources</Filter>
    </ClInclude>
    <ClInclude Include="src\Resources\Vertex.h">
      <Filter>src\Resources</Filter>
    </ClInclude>
    <ClInclude Include="src\Test\MathTest.h">
      <Filter>src\Test</Filter>
    </ClInclude>
    <ClInclude Include="src\Resources\SkyBox.h">
      <Filter>src\Resources</Filter>
    </ClInclude>
    <ClInclude Include="src\Resources\SkyBoxShader.h">
      <Filter>src\Resources</Filter>
    </ClInclude>
    <ClInclude Include="src\Game\PBRScene.h">
      <Filter>src\Game</Filter>
    </ClInclude>
    <ClInclude Include="src\Game\MaterialScript.h">
      <Filter>src\Game</Filter>
    </ClInclude>
    <ClInclude Include="src\Core\FrameBuffer.h">
      <Filter>src\Core</Filter>
    </ClInclude>
    <ClInclude Include="src\Resources\PostShader.h">
      <Filter>src\Resources</Filter>
    </ClInclude>
    <ClInclude Include="src\Core\PostProcessor.h">
      <Filter>src\Core</Filter>
    </ClInclude>
    <ClInclude Include="src\Game\MonochromProcessor.h">
      <Filter>src\Game</Filter>
    </ClInclude>
    <ClInclude Include="src\Game\BloomProcessor.h">
      <Filter>src\Game</Filter>
    </ClInclude>
    <ClInclude Include="src\Game\CutOffShader.h">
      <Filter>src\Game</Filter>
    </ClInclude>
    <ClInclude Include="src\Game\BlurShader.h">
      <Filter>src\Game</Filter>
    </ClInclude>
    <ClInclude Include="src\Game\AddShader.h">
      <Filter>src\Game</Filter>
    </ClInclude>
    <ClInclude Include="src\Game\BlurProcessor.h">
      <Filter>src\Game</Filter>
    </ClInclude>
    <ClInclude Include="src\Game\BlurHShader.h">
      <Filter>src\Game</Filter>
    </ClInclude>
    <ClInclude Include="src\Game\BlurVShader.h">
      <Filter>src\Game</Filter>
    </ClInclude>
    <ClInclude Include="src\Game\MonochromShader.h">
      <Filter>src\Game</Filter>
    </ClInclude>
  </ItemGroup>
</Project>