<?xml version="1.0" encoding="utf-8"?>
<Project ToolsVersion="4.0" xmlns="http://schemas.microsoft.com/developer/msbuild/2003">
  <ItemGroup>
    <Filter Include="Source Files">
      <UniqueIdentifier>{4FC737F1-C7A5-4376-A066-2A32D752A2FF}</UniqueIdentifier>
      <Extensions>cpp;c;cc;cxx;def;odl;idl;hpj;bat;asm;asmx</Extensions>
    </Filter>
    <Filter Include="Header Files">
      <UniqueIdentifier>{93995380-89BD-4b04-88EB-625FBE52EBFB}</UniqueIdentifier>
      <Extensions>h;hh;hpp;hxx;hm;inl;inc;xsd</Extensions>
    </Filter>
    <Filter Include="Resource Files">
      <UniqueIdentifier>{67DA6AB6-F800-4c08-8B7A-83BB121AAD01}</UniqueIdentifier>
      <Extensions>rc;ico;cur;bmp;dlg;rc2;rct;bin;rgs;gif;jpg;jpeg;jpe;resx;tiff;tif;png;wav;mfcribbon-ms</Extensions>
    </Filter>
  </ItemGroup>
  <ItemGroup>
    <ClInclude Include="src\PostProcessors\AutoExposureProcessor.cpp">
      <Filter>Source Files</Filter>
    </ClInclude>
    <ClInclude Include="src\PostProcessors\BloomProcessor.cpp">
      <Filter>Source Files</Filter>
    </ClInclude>
    <ClInclude Include="src\PostProcessors\BlurProcessor.cpp">
      <Filter>Source Files</Filter>
    </ClInclude>
    <ClInclude Include="src\PostProcessors\MonochromProcessor.cpp">
      <Filter>Source Files</Filter>
    </ClInclude>
    <ClInclude Include="src\PostProcessors\SSAOProcessor.cpp">
      <Filter>Source Files</Filter>
    </ClInclude>
    <ClInclude Include="src\PostProcessors\SSReflectionProcessor.cpp">
      <Filter>Source Files</Filter>
    </ClInclude>
    <ClInclude Include="src\PostProcessors\ToneMappingProcessor.cpp">
      <Filter>Source Files</Filter>
    </ClInclude>
    <ClInclude Include="src\Scripts\CameraControllerScript.cpp">
      <Filter>Source Files</Filter>
    </ClInclude>
    <ClInclude Include="src\Scripts\ControllerToggleScript.cpp">
      <Filter>Source Files</Filter>
    </ClInclude>
    <ClInclude Include="src\Scripts\FollowScript.cpp">
      <Filter>Source Files</Filter>
    </ClInclude>
    <ClInclude Include="src\Scripts\MaterialScript.cpp">
      <Filter>Source Files</Filter>
    </ClInclude>
    <ClInclude Include="src\Scripts\PathWalkerScript.cpp">
      <Filter>Source Files</Filter>
    </ClInclude>
    <ClInclude Include="src\Scripts\StateControllerScript.cpp">
      <Filter>Source Files</Filter>
    </ClInclude>
    <ClInclude Include="src\Shader\AddShader.cpp">
      <Filter>Source Files</Filter>
    </ClInclude>
    <ClInclude Include="src\Shader\AutoExposureShader.cpp">
      <Filter>Source Files</Filter>
    </ClInclude>
    <ClInclude Include="src\Shader\BlurHShader.cpp">
      <Filter>Source Files</Filter>
    </ClInclude>
    <ClInclude Include="src\Shader\BlurShader.cpp">
      <Filter>Source Files</Filter>
    </ClInclude>
    <ClInclude Include="src\Shader\BlurVShader.cpp">
      <Filter>Source Files</Filter>
    </ClInclude>
    <ClInclude Include="src\Shader\CutOffShader.cpp">
      <Filter>Source Files</Filter>
    </ClInclude>
    <ClInclude Include="src\Shader\ExposureShader.cpp">
      <Filter>Source Files</Filter>
    </ClInclude>
    <ClInclude Include="src\Shader\MonochromShader.cpp">
      <Filter>Source Files</Filter>
    </ClInclude>
    <ClInclude Include="src\Shader\SSAOBlurShader.cpp">
      <Filter>Source Files</Filter>
    </ClInclude>
    <ClInclude Include="src\Shader\SSAOShader.cpp">
      <Filter>Source Files</Filter>
    </ClInclude>
    <ClInclude Include="src\Shader\SSReflectionShader.cpp">
      <Filter>Source Files</Filter>
    </ClInclude>
    <ClInclude Include="src\Shader\ToneMappingShader.cpp">
      <Filter>Source Files</Filter>
    </ClInclude>
    <ClInclude Include="src\Scenes\DemoScene.cpp">
      <Filter>Source Files</Filter>
    </ClInclude>
    <ClInclude Include="src\Scenes\PBRScene.cpp">
      <Filter>Source Files</Filter>
    </ClInclude>
    <ClInclude Include="src\Scenes\PhysicsScene.cpp">
      <Filter>Source Files</Filter>
    </ClInclude>
    <ClInclude Include="src\Scenes\TestScene.cpp">
      <Filter>Source Files</Filter>
    </ClInclude>
    <ClCompile Include="src\Main.cpp">
      <Filter>Source Files</Filter>
    </ClCompile>
    <ClCompile Include="src\Scripts\PrinterScript.cpp">
      <Filter>Source Files</Filter>
    </ClCompile>
    <ClCompile Include="src\Scripts\TransformerScript.cpp">
      <Filter>Source Files</Filter>
    </ClCompile>
  </ItemGroup>
</Project>